
Microsoft Visual Studio Solution File, Format Version 12.00
# Visual Studio Version 16
VisualStudioVersion = 16.0.30330.147
MinimumVisualStudioVersion = 10.0.40219.1
Project("{FAE04EC0-301F-11D3-BF4B-00C04F79EFBC}") = "Nero.Dashboard.GUI", "Nero.Dashboard.GUI\Nero.Dashboard.GUI.csproj", "{447F8FF5-61BE-4928-BE0F-C7A5C704645E}"
EndProject
Project("{FAE04EC0-301F-11D3-BF4B-00C04F79EFBC}") = "Nero.Common.Helpers", "Nero.Common.Helpers\Nero.Common.Helpers.csproj", "{E4426D95-C8BC-4CC9-9211-5BDFBCC4BED0}"
EndProject
Project("{FAE04EC0-301F-11D3-BF4B-00C04F79EFBC}") = "Nero.Windows.Controls", "Nero.Windows.Controls\Nero.Windows.Controls.csproj", "{04DDB6A5-50D4-46EC-9EDF-BA6BD1C08AA7}"
EndProject
Global
	GlobalSection(SolutionConfigurationPlatforms) = preSolution
		Debug|Any CPU = Debug|Any CPU
		Release|Any CPU = Release|Any CPU
	EndGlobalSection
	GlobalSection(ProjectConfigurationPlatforms) = postSolution
		{447F8FF5-61BE-4928-BE0F-C7A5C704645E}.Debug|Any CPU.ActiveCfg = Debug|Any CPU
		{447F8FF5-61BE-4928-BE0F-C7A5C704645E}.Debug|Any CPU.Build.0 = Debug|Any CPU
		{447F8FF5-61BE-4928-BE0F-C7A5C704645E}.Release|Any CPU.ActiveCfg = Release|Any CPU
		{447F8FF5-61BE-4928-BE0F-C7A5C704645E}.Release|Any CPU.Build.0 = Release|Any CPU
		{E4426D95-C8BC-4CC9-9211-5BDFBCC4BED0}.Debug|Any CPU.ActiveCfg = Debug|Any CPU
		{E4426D95-C8BC-4CC9-9211-5BDFBCC4BED0}.Debug|Any CPU.Build.0 = Debug|Any CPU
		{E4426D95-C8BC-4CC9-9211-5BDFBCC4BED0}.Release|Any CPU.ActiveCfg = Release|Any CPU
		{E4426D95-C8BC-4CC9-9211-5BDFBCC4BED0}.Release|Any CPU.Build.0 = Release|Any CPU
		{04DDB6A5-50D4-46EC-9EDF-BA6BD1C08AA7}.Debug|Any CPU.ActiveCfg = Debug|Any CPU
		{04DDB6A5-50D4-46EC-9EDF-BA6BD1C08AA7}.Debug|Any CPU.Build.0 = Debug|Any CPU
		{04DDB6A5-50D4-46EC-9EDF-BA6BD1C08AA7}.Release|Any CPU.ActiveCfg = Release|Any CPU
		{04DDB6A5-50D4-46EC-9EDF-BA6BD1C08AA7}.Release|Any CPU.Build.0 = Release|Any CPU
	EndGlobalSection
	GlobalSection(SolutionProperties) = preSolution
		HideSolutionNode = FALSE
	EndGlobalSection
	GlobalSection(ExtensibilityGlobals) = postSolution
		SolutionGuid = {3D18846B-86A0-4480-90E0-4F1C42B94F41}
	EndGlobalSection
EndGlobal
